
Microsoft Visual Studio Solution File, Format Version 12.00
# Visual Studio 14
VisualStudioVersion = 14.0.24720.0
MinimumVisualStudioVersion = 10.0.40219.1
Project("{FAE04EC0-301F-11D3-BF4B-00C04F79EFBC}") = "StudyAid", "StudyAid.csproj", "{24D9003F-1FC4-48D5-A6F2-B85F53BE09BB}"
EndProject
Project("{FAE04EC0-301F-11D3-BF4B-00C04F79EFBC}") = "FlashCardWindow", "..\FlashCardWindow\FlashCardWindow.csproj", "{6C1CF171-C0D3-4664-8CF0-6BB71333F90D}"
EndProject
Global
	GlobalSection(SolutionConfigurationPlatforms) = preSolution
		Debug|Any CPU = Debug|Any CPU
		Release|Any CPU = Release|Any CPU
	EndGlobalSection
	GlobalSection(ProjectConfigurationPlatforms) = postSolution
		{24D9003F-1FC4-48D5-A6F2-B85F53BE09BB}.Debug|Any CPU.ActiveCfg = Debug|Any CPU
		{24D9003F-1FC4-48D5-A6F2-B85F53BE09BB}.Debug|Any CPU.Build.0 = Debug|Any CPU
		{24D9003F-1FC4-48D5-A6F2-B85F53BE09BB}.Release|Any CPU.ActiveCfg = Release|Any CPU
		{24D9003F-1FC4-48D5-A6F2-B85F53BE09BB}.Release|Any CPU.Build.0 = Release|Any CPU
		{6C1CF171-C0D3-4664-8CF0-6BB71333F90D}.Debug|Any CPU.ActiveCfg = Debug|Any CPU
		{6C1CF171-C0D3-4664-8CF0-6BB71333F90D}.Debug|Any CPU.Build.0 = Debug|Any CPU
		{6C1CF171-C0D3-4664-8CF0-6BB71333F90D}.Release|Any CPU.ActiveCfg = Release|Any CPU
		{6C1CF171-C0D3-4664-8CF0-6BB71333F90D}.Release|Any CPU.Build.0 = Release|Any CPU
	EndGlobalSection
	GlobalSection(SolutionProperties) = preSolution
		HideSolutionNode = FALSE
	EndGlobalSection
EndGlobal
